
Microsoft Visual Studio Solution File, Format Version 12.00
# Visual Studio 15
VisualStudioVersion = 15.0.27130.2027
MinimumVisualStudioVersion = 10.0.40219.1
Project("{FAE04EC0-301F-11D3-BF4B-00C04F79EFBC}") = "Blog", "Blog\Blog.csproj", "{5D5D8955-91E1-4828-B165-C687A8C57BAE}"
EndProject
Global
	GlobalSection(SolutionConfigurationPlatforms) = preSolution
		Debug|Any CPU = Debug|Any CPU
		Release|Any CPU = Release|Any CPU
	EndGlobalSection
	GlobalSection(ProjectConfigurationPlatforms) = postSolution
		{5D5D8955-91E1-4828-B165-C687A8C57BAE}.Debug|Any CPU.ActiveCfg = Debug|Any CPU
		{5D5D8955-91E1-4828-B165-C687A8C57BAE}.Debug|Any CPU.Build.0 = Debug|Any CPU
		{5D5D8955-91E1-4828-B165-C687A8C57BAE}.Release|Any CPU.ActiveCfg = Release|Any CPU
		{5D5D8955-91E1-4828-B165-C687A8C57BAE}.Release|Any CPU.Build.0 = Release|Any CPU
	EndGlobalSection
	GlobalSection(SolutionProperties) = preSolution
		HideSolutionNode = FALSE
	EndGlobalSection
	GlobalSection(ExtensibilityGlobals) = postSolution
		SolutionGuid = {C5580488-9356-4455-B8A2-5ECBEB773A48}
	EndGlobalSection
EndGlobal
